
Microsoft Visual Studio Solution File, Format Version 12.00
# Visual Studio Version 17
VisualStudioVersion = 17.0.31903.59
MinimumVisualStudioVersion = 10.0.40219.1
Project("{9A19103F-16F7-4668-BE54-9A1E7A4F7556}") = "API", "API\API.csproj", "{5793DA75-5018-4C44-8094-AEFC3B7F84AE}"
EndProject
Project("{9A19103F-16F7-4668-BE54-9A1E7A4F7556}") = "Core", "Core\Core.csproj", "{00C8C8BE-0897-4445-A609-9C80A7783A5F}"
EndProject
Project("{9A19103F-16F7-4668-BE54-9A1E7A4F7556}") = "Infrastructure", "Infrastructure\Infrastructure.csproj", "{4B8BBE83-F73F-4471-84A7-D8B7F30D5B0D}"
EndProject
Global
	GlobalSection(SolutionConfigurationPlatforms) = preSolution
		Debug|Any CPU = Debug|Any CPU
		Release|Any CPU = Release|Any CPU
	EndGlobalSection
	GlobalSection(ProjectConfigurationPlatforms) = postSolution
		{5793DA75-5018-4C44-8094-AEFC3B7F84AE}.Debug|Any CPU.ActiveCfg = Debug|Any CPU
		{5793DA75-5018-4C44-8094-AEFC3B7F84AE}.Debug|Any CPU.Build.0 = Debug|Any CPU
		{5793DA75-5018-4C44-8094-AEFC3B7F84AE}.Release|Any CPU.ActiveCfg = Release|Any CPU
		{5793DA75-5018-4C44-8094-AEFC3B7F84AE}.Release|Any CPU.Build.0 = Release|Any CPU
		{00C8C8BE-0897-4445-A609-9C80A7783A5F}.Debug|Any CPU.ActiveCfg = Debug|Any CPU
		{00C8C8BE-0897-4445-A609-9C80A7783A5F}.Debug|Any CPU.Build.0 = Debug|Any CPU
		{00C8C8BE-0897-4445-A609-9C80A7783A5F}.Release|Any CPU.ActiveCfg = Release|Any CPU
		{00C8C8BE-0897-4445-A609-9C80A7783A5F}.Release|Any CPU.Build.0 = Release|Any CPU
		{4B8BBE83-F73F-4471-84A7-D8B7F30D5B0D}.Debug|Any CPU.ActiveCfg = Debug|Any CPU
		{4B8BBE83-F73F-4471-84A7-D8B7F30D5B0D}.Debug|Any CPU.Build.0 = Debug|Any CPU
		{4B8BBE83-F73F-4471-84A7-D8B7F30D5B0D}.Release|Any CPU.ActiveCfg = Release|Any CPU
		{4B8BBE83-F73F-4471-84A7-D8B7F30D5B0D}.Release|Any CPU.Build.0 = Release|Any CPU
	EndGlobalSection
	GlobalSection(SolutionProperties) = preSolution
		HideSolutionNode = FALSE
	EndGlobalSection
EndGlobal
